
Microsoft Visual Studio Solution File, Format Version 12.00
# Visual Studio Version 17
VisualStudioVersion = 17.0.31903.59
MinimumVisualStudioVersion = 10.0.40219.1
Project("{2150E333-8FDC-42A3-9474-1A3956D46DE8}") = "src", "src", "{22F25EA7-7AB8-4C2F-AC35-AC7A053F6A9F}"
EndProject
Project("{FAE04EC0-301F-11D3-BF4B-00C04F79EFBC}") = "AuctionService", "src\AuctionService\AuctionService.csproj", "{D6A28616-9578-4D20-AC61-2223002FEB82}"
EndProject
Project("{FAE04EC0-301F-11D3-BF4B-00C04F79EFBC}") = "SearchService", "src\SearchService\SearchService.csproj", "{CD6570E4-EE79-4964-A29A-0BE54B6FB973}"
EndProject
Project("{FAE04EC0-301F-11D3-BF4B-00C04F79EFBC}") = "Contracts", "src\Contracts\Contracts.csproj", "{A5EBEA88-0B46-46BF-AE65-C7CC6AA75266}"
EndProject
Project("{FAE04EC0-301F-11D3-BF4B-00C04F79EFBC}") = "IdentityService", "src\IdentityService\IdentityService.csproj", "{6B0851C8-E62F-47C5-BD0F-7F882F67AF65}"
EndProject
Project("{FAE04EC0-301F-11D3-BF4B-00C04F79EFBC}") = "GatewayService", "src\GatewayService\GatewayService.csproj", "{EA40D315-F9DD-4D66-B382-6CEE157FECDD}"
EndProject
Global
	GlobalSection(SolutionConfigurationPlatforms) = preSolution
		Debug|Any CPU = Debug|Any CPU
		Release|Any CPU = Release|Any CPU
	EndGlobalSection
	GlobalSection(SolutionProperties) = preSolution
		HideSolutionNode = FALSE
	EndGlobalSection
	GlobalSection(ProjectConfigurationPlatforms) = postSolution
		{D6A28616-9578-4D20-AC61-2223002FEB82}.Debug|Any CPU.ActiveCfg = Debug|Any CPU
		{D6A28616-9578-4D20-AC61-2223002FEB82}.Debug|Any CPU.Build.0 = Debug|Any CPU
		{D6A28616-9578-4D20-AC61-2223002FEB82}.Release|Any CPU.ActiveCfg = Release|Any CPU
		{D6A28616-9578-4D20-AC61-2223002FEB82}.Release|Any CPU.Build.0 = Release|Any CPU
		{CD6570E4-EE79-4964-A29A-0BE54B6FB973}.Debug|Any CPU.ActiveCfg = Debug|Any CPU
		{CD6570E4-EE79-4964-A29A-0BE54B6FB973}.Debug|Any CPU.Build.0 = Debug|Any CPU
		{CD6570E4-EE79-4964-A29A-0BE54B6FB973}.Release|Any CPU.ActiveCfg = Release|Any CPU
		{CD6570E4-EE79-4964-A29A-0BE54B6FB973}.Release|Any CPU.Build.0 = Release|Any CPU
		{A5EBEA88-0B46-46BF-AE65-C7CC6AA75266}.Debug|Any CPU.ActiveCfg = Debug|Any CPU
		{A5EBEA88-0B46-46BF-AE65-C7CC6AA75266}.Debug|Any CPU.Build.0 = Debug|Any CPU
		{A5EBEA88-0B46-46BF-AE65-C7CC6AA75266}.Release|Any CPU.ActiveCfg = Release|Any CPU
		{A5EBEA88-0B46-46BF-AE65-C7CC6AA75266}.Release|Any CPU.Build.0 = Release|Any CPU
		{6B0851C8-E62F-47C5-BD0F-7F882F67AF65}.Debug|Any CPU.ActiveCfg = Debug|Any CPU
		{6B0851C8-E62F-47C5-BD0F-7F882F67AF65}.Debug|Any CPU.Build.0 = Debug|Any CPU
		{6B0851C8-E62F-47C5-BD0F-7F882F67AF65}.Release|Any CPU.ActiveCfg = Release|Any CPU
		{6B0851C8-E62F-47C5-BD0F-7F882F67AF65}.Release|Any CPU.Build.0 = Release|Any CPU
		{EA40D315-F9DD-4D66-B382-6CEE157FECDD}.Debug|Any CPU.ActiveCfg = Debug|Any CPU
		{EA40D315-F9DD-4D66-B382-6CEE157FECDD}.Debug|Any CPU.Build.0 = Debug|Any CPU
		{EA40D315-F9DD-4D66-B382-6CEE157FECDD}.Release|Any CPU.ActiveCfg = Release|Any CPU
		{EA40D315-F9DD-4D66-B382-6CEE157FECDD}.Release|Any CPU.Build.0 = Release|Any CPU
	EndGlobalSection
	GlobalSection(NestedProjects) = preSolution
		{D6A28616-9578-4D20-AC61-2223002FEB82} = {22F25EA7-7AB8-4C2F-AC35-AC7A053F6A9F}
		{CD6570E4-EE79-4964-A29A-0BE54B6FB973} = {22F25EA7-7AB8-4C2F-AC35-AC7A053F6A9F}
		{A5EBEA88-0B46-46BF-AE65-C7CC6AA75266} = {22F25EA7-7AB8-4C2F-AC35-AC7A053F6A9F}
		{6B0851C8-E62F-47C5-BD0F-7F882F67AF65} = {22F25EA7-7AB8-4C2F-AC35-AC7A053F6A9F}
		{EA40D315-F9DD-4D66-B382-6CEE157FECDD} = {22F25EA7-7AB8-4C2F-AC35-AC7A053F6A9F}
	EndGlobalSection
EndGlobal
